// !$*UTF8*$!
{
	archiveVersion = 1;
	classes = {
	};
	objectVersion = 55;
	objects = {

/* Begin PBXBuildFile section */
		CA779A5428710299004067B4 /* AppDelegate.swift in Sources */ = {isa = PBXBuildFile; fileRef = CA779A5328710299004067B4 /* AppDelegate.swift */; };
		CA779A5628710299004067B4 /* SceneDelegate.swift in Sources */ = {isa = PBXBuildFile; fileRef = CA779A5528710299004067B4 /* SceneDelegate.swift */; };
		CA779A5828710299004067B4 /* ViewController.swift in Sources */ = {isa = PBXBuildFile; fileRef = CA779A5728710299004067B4 /* ViewController.swift */; };
		CA779A5B28710299004067B4 /* Main.storyboard in Resources */ = {isa = PBXBuildFile; fileRef = CA779A5928710299004067B4 /* Main.storyboard */; };
		CA779A5D2871029A004067B4 /* Assets.xcassets in Resources */ = {isa = PBXBuildFile; fileRef = CA779A5C2871029A004067B4 /* Assets.xcassets */; };
		CA779A602871029A004067B4 /* LaunchScreen.storyboard in Resources */ = {isa = PBXBuildFile; fileRef = CA779A5E2871029A004067B4 /* LaunchScreen.storyboard */; };
		CA779A6B2871029A004067B4 /* CatCatchCircleTests.swift in Sources */ = {isa = PBXBuildFile; fileRef = CA779A6A2871029A004067B4 /* CatCatchCircleTests.swift */; };
		CA779A752871029A004067B4 /* CatCatchCircleUITests.swift in Sources */ = {isa = PBXBuildFile; fileRef = CA779A742871029A004067B4 /* CatCatchCircleUITests.swift */; };
		CA779A772871029A004067B4 /* CatCatchCircleUITestsLaunchTests.swift in Sources */ = {isa = PBXBuildFile; fileRef = CA779A762871029A004067B4 /* CatCatchCircleUITestsLaunchTests.swift */; };
/* End PBXBuildFile section */

/* Begin PBXContainerItemProxy section */
		CA779A672871029A004067B4 /* PBXContainerItemProxy */ = {
			isa = PBXContainerItemProxy;
			containerPortal = CA779A4828710299004067B4 /* Project object */;
			proxyType = 1;
			remoteGlobalIDString = CA779A4F28710299004067B4;
			remoteInfo = CatCatchCircle;
		};
		CA779A712871029A004067B4 /* PBXContainerItemProxy */ = {
			isa = PBXContainerItemProxy;
			containerPortal = CA779A4828710299004067B4 /* Project object */;
			proxyType = 1;
			remoteGlobalIDString = CA779A4F28710299004067B4;
			remoteInfo = CatCatchCircle;
		};
/* End PBXContainerItemProxy section */

/* Begin PBXFileReference section */
		CA779A5028710299004067B4 /* CatCatchCircle.app */ = {isa = PBXFileReference; explicitFileType = wrapper.application; includeInIndex = 0; path = CatCatchCircle.app; sourceTree = BUILT_PRODUCTS_DIR; };
		CA779A5328710299004067B4 /* AppDelegate.swift */ = {isa = PBXFileReference; lastKnownFileType = sourcecode.swift; path = AppDelegate.swift; sourceTree = "<group>"; };
		CA779A5528710299004067B4 /* SceneDelegate.swift */ = {isa = PBXFileReference; lastKnownFileType = sourcecode.swift; path = SceneDelegate.swift; sourceTree = "<group>"; };
		CA779A5728710299004067B4 /* ViewController.swift */ = {isa = PBXFileReference; lastKnownFileType = sourcecode.swift; path = ViewController.swift; sourceTree = "<group>"; };
		CA779A5A28710299004067B4 /* Base */ = {isa = PBXFileReference; lastKnownFileType = file.storyboard; name = Base; path = Base.lproj/Main.storyboard; sourceTree = "<group>"; };
		CA779A5C2871029A004067B4 /* Assets.xcassets */ = {isa = PBXFileReference; lastKnownFileType = folder.assetcatalog; path = Assets.xcassets; sourceTree = "<group>"; };
		CA779A5F2871029A004067B4 /* Base */ = {isa = PBXFileReference; lastKnownFileType = file.storyboard; name = Base; path = Base.lproj/LaunchScreen.storyboard; sourceTree = "<group>"; };
		CA779A612871029A004067B4 /* Info.plist */ = {isa = PBXFileReference; lastKnownFileType = text.plist.xml; path = Info.plist; sourceTree = "<group>"; };
		CA779A662871029A004067B4 /* CatCatchCircleTests.xctest */ = {isa = PBXFileReference; explicitFileType = wrapper.cfbundle; includeInIndex = 0; path = CatCatchCircleTests.xctest; sourceTree = BUILT_PRODUCTS_DIR; };
		CA779A6A2871029A004067B4 /* CatCatchCircleTests.swift */ = {isa = PBXFileReference; lastKnownFileType = sourcecode.swift; path = CatCatchCircleTests.swift; sourceTree = "<group>"; };
		CA779A702871029A004067B4 /* CatCatchCircleUITests.xctest */ = {isa = PBXFileReference; explicitFileType = wrapper.cfbundle; includeInIndex = 0; path = CatCatchCircleUITests.xctest; sourceTree = BUILT_PRODUCTS_DIR; };
		CA779A742871029A004067B4 /* CatCatchCircleUITests.swift */ = {isa = PBXFileReference; lastKnownFileType = sourcecode.swift; path = CatCatchCircleUITests.swift; sourceTree = "<group>"; };
		CA779A762871029A004067B4 /* CatCatchCircleUITestsLaunchTests.swift */ = {isa = PBXFileReference; lastKnownFileType = sourcecode.swift; path = CatCatchCircleUITestsLaunchTests.swift; sourceTree = "<group>"; };
/* End PBXFileReference section */

/* Begin PBXFrameworksBuildPhase section */
		CA779A4D28710299004067B4 /* Frameworks */ = {
			isa = PBXFrameworksBuildPhase;
			buildActionMask = 2147483647;
			files = (
			);
			runOnlyForDeploymentPostprocessing = 0;
		};
		CA779A632871029A004067B4 /* Frameworks */ = {
			isa = PBXFrameworksBuildPhase;
			buildActionMask = 2147483647;
			files = (
			);
			runOnlyForDeploymentPostprocessing = 0;
		};
		CA779A6D2871029A004067B4 /* Frameworks */ = {
			isa = PBXFrameworksBuildPhase;
			buildActionMask = 2147483647;
			files = (
			);
			runOnlyForDeploymentPostprocessing = 0;
		};
/* End PBXFrameworksBuildPhase section */

/* Begin PBXGroup section */
		CA779A4728710299004067B4 = {
			isa = PBXGroup;
			children = (
				CA779A5228710299004067B4 /* CatCatchCircle */,
				CA779A692871029A004067B4 /* CatCatchCircleTests */,
				CA779A732871029A004067B4 /* CatCatchCircleUITests */,
				CA779A5128710299004067B4 /* Products */,
			);
			sourceTree = "<group>";
		};
		CA779A5128710299004067B4 /* Products */ = {
			isa = PBXGroup;
			children = (
				CA779A5028710299004067B4 /* CatCatchCircle.app */,
				CA779A662871029A004067B4 /* CatCatchCircleTests.xctest */,
				CA779A702871029A004067B4 /* CatCatchCircleUITests.xctest */,
			);
			name = Products;
			sourceTree = "<group>";
		};
		CA779A5228710299004067B4 /* CatCatchCircle */ = {
			isa = PBXGroup;
			children = (
				CA779A5328710299004067B4 /* AppDelegate.swift */,
				CA779A5528710299004067B4 /* SceneDelegate.swift */,
				CA779A5728710299004067B4 /* ViewController.swift */,
				CA779A5928710299004067B4 /* Main.storyboard */,
				CA779A5C2871029A004067B4 /* Assets.xcassets */,
				CA779A5E2871029A004067B4 /* LaunchScreen.storyboard */,
				CA779A612871029A004067B4 /* Info.plist */,
			);
			path = CatCatchCircle;
			sourceTree = "<group>";
		};
		CA779A692871029A004067B4 /* CatCatchCircleTests */ = {
			isa = PBXGroup;
			children = (
				CA779A6A2871029A004067B4 /* CatCatchCircleTests.swift */,
			);
			path = CatCatchCircleTests;
			sourceTree = "<group>";
		};
		CA779A732871029A004067B4 /* CatCatchCircleUITests */ = {
			isa = PBXGroup;
			children = (
				CA779A742871029A004067B4 /* CatCatchCircleUITests.swift */,
				CA779A762871029A004067B4 /* CatCatchCircleUITestsLaunchTests.swift */,
			);
			path = CatCatchCircleUITests;
			sourceTree = "<group>";
		};
/* End PBXGroup section */

/* Begin PBXNativeTarget section */
		CA779A4F28710299004067B4 /* CatCatchCircle */ = {
			isa = PBXNativeTarget;
			buildConfigurationList = CA779A7A2871029A004067B4 /* Build configuration list for PBXNativeTarget "CatCatchCircle" */;
			buildPhases = (
				CA779A4C28710299004067B4 /* Sources */,
				CA779A4D28710299004067B4 /* Frameworks */,
				CA779A4E28710299004067B4 /* Resources */,
			);
			buildRules = (
			);
			dependencies = (
			);
			name = CatCatchCircle;
			productName = CatCatchCircle;
			productReference = CA779A5028710299004067B4 /* CatCatchCircle.app */;
			productType = "com.apple.product-type.application";
		};
		CA779A652871029A004067B4 /* CatCatchCircleTests */ = {
			isa = PBXNativeTarget;
			buildConfigurationList = CA779A7D2871029A004067B4 /* Build configuration list for PBXNativeTarget "CatCatchCircleTests" */;
			buildPhases = (
				CA779A622871029A004067B4 /* Sources */,
				CA779A632871029A004067B4 /* Frameworks */,
				CA779A642871029A004067B4 /* Resources */,
			);
			buildRules = (
			);
			dependencies = (
				CA779A682871029A004067B4 /* PBXTargetDependency */,
			);
			name = CatCatchCircleTests;
			productName = CatCatchCircleTests;
			productReference = CA779A662871029A004067B4 /* CatCatchCircleTests.xctest */;
			productType = "com.apple.product-type.bundle.unit-test";
		};
		CA779A6F2871029A004067B4 /* CatCatchCircleUITests */ = {
			isa = PBXNativeTarget;
			buildConfigurationList = CA779A802871029A004067B4 /* Build configuration list for PBXNativeTarget "CatCatchCircleUITests" */;
			buildPhases = (
				CA779A6C2871029A004067B4 /* Sources */,
				CA779A6D2871029A004067B4 /* Frameworks */,
				CA779A6E2871029A004067B4 /* Resources */,
			);
			buildRules = (
			);
			dependencies = (
				CA779A722871029A004067B4 /* PBXTargetDependency */,
			);
			name = CatCatchCircleUITests;
			productName = CatCatchCircleUITests;
			productReference = CA779A702871029A004067B4 /* CatCatchCircleUITests.xctest */;
			productType = "com.apple.product-type.bundle.ui-testing";
		};
/* End PBXNativeTarget section */

/* Begin PBXProject section */
		CA779A4828710299004067B4 /* Project object */ = {
			isa = PBXProject;
			attributes = {
				BuildIndependentTargetsInParallel = 1;
				LastSwiftUpdateCheck = 1340;
				LastUpgradeCheck = 1340;
				TargetAttributes = {
					CA779A4F28710299004067B4 = {
						CreatedOnToolsVersion = 13.4.1;
					};
					CA779A652871029A004067B4 = {
						CreatedOnToolsVersion = 13.4.1;
						TestTargetID = CA779A4F28710299004067B4;
					};
					CA779A6F2871029A004067B4 = {
						CreatedOnToolsVersion = 13.4.1;
						TestTargetID = CA779A4F28710299004067B4;
					};
				};
			};
			buildConfigurationList = CA779A4B28710299004067B4 /* Build configuration list for PBXProject "CatCatchCircle" */;
			compatibilityVersion = "Xcode 13.0";
			developmentRegion = en;
			hasScannedForEncodings = 0;
			knownRegions = (
				en,
				Base,
			);
			mainGroup = CA779A4728710299004067B4;
			productRefGroup = CA779A5128710299004067B4 /* Products */;
			projectDirPath = "";
			projectRoot = "";
			targets = (
				CA779A4F28710299004067B4 /* CatCatchCircle */,
				CA779A652871029A004067B4 /* CatCatchCircleTests */,
				CA779A6F2871029A004067B4 /* CatCatchCircleUITests */,
			);
		};
/* End PBXProject section */

/* Begin PBXResourcesBuildPhase section */
		CA779A4E28710299004067B4 /* Resources */ = {
			isa = PBXResourcesBuildPhase;
			buildActionMask = 2147483647;
			files = (
				CA779A602871029A004067B4 /* LaunchScreen.storyboard in Resources */,
				CA779A5D2871029A004067B4 /* Assets.xcassets in Resources */,
				CA779A5B28710299004067B4 /* Main.storyboard in Resources */,
			);
			runOnlyForDeploymentPostprocessing = 0;
		};
		CA779A642871029A004067B4 /* Resources */ = {
			isa = PBXResourcesBuildPhase;
			buildActionMask = 2147483647;
			files = (
			);
			runOnlyForDeploymentPostprocessing = 0;
		};
		CA779A6E2871029A004067B4 /* Resources */ = {
			isa = PBXResourcesBuildPhase;
			buildActionMask = 2147483647;
			files = (
			);
			runOnlyForDeploymentPostprocessing = 0;
		};
/* End PBXResourcesBuildPhase section */

/* Begin PBXSourcesBuildPhase section */
		CA779A4C28710299004067B4 /* Sources */ = {
			isa = PBXSourcesBuildPhase;
			buildActionMask = 2147483647;
			files = (
				CA779A5828710299004067B4 /* ViewController.swift in Sources */,
				CA779A5428710299004067B4 /* AppDelegate.swift in Sources */,
				CA779A5628710299004067B4 /* SceneDelegate.swift in Sources */,
			);
			runOnlyForDeploymentPostprocessing = 0;
		};
		CA779A622871029A004067B4 /* Sources */ = {
			isa = PBXSourcesBuildPhase;
			buildActionMask = 2147483647;
			files = (
				CA779A6B2871029A004067B4 /* CatCatchCircleTests.swift in Sources */,
			);
			runOnlyForDeploymentPostprocessing = 0;
		};
		CA779A6C2871029A004067B4 /* Sources */ = {
			isa = PBXSourcesBuildPhase;
			buildActionMask = 2147483647;
			files = (
				CA779A752871029A004067B4 /* CatCatchCircleUITests.swift in Sources */,
				CA779A772871029A004067B4 /* CatCatchCircleUITestsLaunchTests.swift in Sources */,
			);
			runOnlyForDeploymentPostprocessing = 0;
		};
/* End PBXSourcesBuildPhase section */

/* Begin PBXTargetDependency section */
		CA779A682871029A004067B4 /* PBXTargetDependency */ = {
			isa = PBXTargetDependency;
			target = CA779A4F28710299004067B4 /* CatCatchCircle */;
			targetProxy = CA779A672871029A004067B4 /* PBXContainerItemProxy */;
		};
		CA779A722871029A004067B4 /* PBXTargetDependency */ = {
			isa = PBXTargetDependency;
			target = CA779A4F28710299004067B4 /* CatCatchCircle */;
			targetProxy = CA779A712871029A004067B4 /* PBXContainerItemProxy */;
		};
/* End PBXTargetDependency section */

/* Begin PBXVariantGroup section */
		CA779A5928710299004067B4 /* Main.storyboard */ = {
			isa = PBXVariantGroup;
			children = (
				CA779A5A28710299004067B4 /* Base */,
			);
			name = Main.storyboard;
			sourceTree = "<group>";
		};
		CA779A5E2871029A004067B4 /* LaunchScreen.storyboard */ = {
			isa = PBXVariantGroup;
			children = (
				CA779A5F2871029A004067B4 /* Base */,
			);
			name = LaunchScreen.storyboard;
			sourceTree = "<group>";
		};
/* End PBXVariantGroup section */

/* Begin XCBuildConfiguration section */
		CA779A782871029A004067B4 /* Debug */ = {
			isa = XCBuildConfiguration;
			buildSettings = {
				ALWAYS_SEARCH_USER_PATHS = NO;
				CLANG_ANALYZER_NONNULL = YES;
				CLANG_ANALYZER_NUMBER_OBJECT_CONVERSION = YES_AGGRESSIVE;
				CLANG_CXX_LANGUAGE_STANDARD = "gnu++17";
				CLANG_ENABLE_MODULES = YES;
				CLANG_ENABLE_OBJC_ARC = YES;
				CLANG_ENABLE_OBJC_WEAK = YES;
				CLANG_WARN_BLOCK_CAPTURE_AUTORELEASING = YES;
				CLANG_WARN_BOOL_CONVERSION = YES;
				CLANG_WARN_COMMA = YES;
				CLANG_WARN_CONSTANT_CONVERSION = YES;
				CLANG_WARN_DEPRECATED_OBJC_IMPLEMENTATIONS = YES;
				CLANG_WARN_DIRECT_OBJC_ISA_USAGE = YES_ERROR;
				CLANG_WARN_DOCUMENTATION_COMMENTS = YES;
				CLANG_WARN_EMPTY_BODY = YES;
				CLANG_WARN_ENUM_CONVERSION = YES;
				CLANG_WARN_INFINITE_RECURSION = YES;
				CLANG_WARN_INT_CONVERSION = YES;
				CLANG_WARN_NON_LITERAL_NULL_CONVERSION = YES;
				CLANG_WARN_OBJC_IMPLICIT_RETAIN_SELF = YES;
				CLANG_WARN_OBJC_LITERAL_CONVERSION = YES;
				CLANG_WARN_OBJC_ROOT_CLASS = YES_ERROR;
				CLANG_WARN_QUOTED_INCLUDE_IN_FRAMEWORK_HEADER = YES;
				CLANG_WARN_RANGE_LOOP_ANALYSIS = YES;
				CLANG_WARN_STRICT_PROTOTYPES = YES;
				CLANG_WARN_SUSPICIOUS_MOVE = YES;
				CLANG_WARN_UNGUARDED_AVAILABILITY = YES_AGGRESSIVE;
				CLANG_WARN_UNREACHABLE_CODE = YES;
				CLANG_WARN__DUPLICATE_METHOD_MATCH = YES;
				COPY_PHASE_STRIP = NO;
				DEBUG_INFORMATION_FORMAT = dwarf;
				ENABLE_STRICT_OBJC_MSGSEND = YES;
				ENABLE_TESTABILITY = YES;
				GCC_C_LANGUAGE_STANDARD = gnu11;
				GCC_DYNAMIC_NO_PIC = NO;
				GCC_NO_COMMON_BLOCKS = YES;
				GCC_OPTIMIZATION_LEVEL = 0;
				GCC_PREPROCESSOR_DEFINITIONS = (
					"DEBUG=1",
					"$(inherited)",
				);
				GCC_WARN_64_TO_32_BIT_CONVERSION = YES;
				GCC_WARN_ABOUT_RETURN_TYPE = YES_ERROR;
				GCC_WARN_UNDECLARED_SELECTOR = YES;
				GCC_WARN_UNINITIALIZED_AUTOS = YES_AGGRESSIVE;
				GCC_WARN_UNUSED_FUNCTION = YES;
				GCC_WARN_UNUSED_VARIABLE = YES;
				IPHONEOS_DEPLOYMENT_TARGET = 15.5;
				MTL_ENABLE_DEBUG_INFO = INCLUDE_SOURCE;
				MTL_FAST_MATH = YES;
				ONLY_ACTIVE_ARCH = YES;
				SDKROOT = iphoneos;
				SWIFT_ACTIVE_COMPILATION_CONDITIONS = DEBUG;
				SWIFT_OPTIMIZATION_LEVEL = "-Onone";
			};
			name = Debug;
		};
		CA779A792871029A004067B4 /* Release */ = {
			isa = XCBuildConfiguration;
			buildSettings = {
				ALWAYS_SEARCH_USER_PATHS = NO;
				CLANG_ANALYZER_NONNULL = YES;
				CLANG_ANALYZER_NUMBER_OBJECT_CONVERSION = YES_AGGRESSIVE;
				CLANG_CXX_LANGUAGE_STANDARD = "gnu++17";
				CLANG_ENABLE_MODULES = YES;
				CLANG_ENABLE_OBJC_ARC = YES;
				CLANG_ENABLE_OBJC_WEAK = YES;
				CLANG_WARN_BLOCK_CAPTURE_AUTORELEASING = YES;
				CLANG_WARN_BOOL_CONVERSION = YES;
				CLANG_WARN_COMMA = YES;
				CLANG_WARN_CONSTANT_CONVERSION = YES;
				CLANG_WARN_DEPRECATED_OBJC_IMPLEMENTATIONS = YES;
				CLANG_WARN_DIRECT_OBJC_ISA_USAGE = YES_ERROR;
				CLANG_WARN_DOCUMENTATION_COMMENTS = YES;
				CLANG_WARN_EMPTY_BODY = YES;
				CLANG_WARN_ENUM_CONVERSION = YES;
				CLANG_WARN_INFINITE_RECURSION = YES;
				CLANG_WARN_INT_CONVERSION = YES;
				CLANG_WARN_NON_LITERAL_NULL_CONVERSION = YES;
				CLANG_WARN_OBJC_IMPLICIT_RETAIN_SELF = YES;
				CLANG_WARN_OBJC_LITERAL_CONVERSION = YES;
				CLANG_WARN_OBJC_ROOT_CLASS = YES_ERROR;
				CLANG_WARN_QUOTED_INCLUDE_IN_FRAMEWORK_HEADER = YES;
				CLANG_WARN_RANGE_LOOP_ANALYSIS = YES;
				CLANG_WARN_STRICT_PROTOTYPES = YES;
				CLANG_WARN_SUSPICIOUS_MOVE = YES;
				CLANG_WARN_UNGUARDED_AVAILABILITY = YES_AGGRESSIVE;
				CLANG_WARN_UNREACHABLE_CODE = YES;
				CLANG_WARN__DUPLICATE_METHOD_MATCH = YES;
				COPY_PHASE_STRIP = NO;
				DEBUG_INFORMATION_FORMAT = "dwarf-with-dsym";
				ENABLE_NS_ASSERTIONS = NO;
				ENABLE_STRICT_OBJC_MSGSEND = YES;
				GCC_C_LANGUAGE_STANDARD = gnu11;
				GCC_NO_COMMON_BLOCKS = YES;
				GCC_WARN_64_TO_32_BIT_CONVERSION = YES;
				GCC_WARN_ABOUT_RETURN_TYPE = YES_ERROR;
				GCC_WARN_UNDECLARED_SELECTOR = YES;
				GCC_WARN_UNINITIALIZED_AUTOS = YES_AGGRESSIVE;
				GCC_WARN_UNUSED_FUNCTION = YES;
				GCC_WARN_UNUSED_VARIABLE = YES;
				IPHONEOS_DEPLOYMENT_TARGET = 15.5;
				MTL_ENABLE_DEBUG_INFO = NO;
				MTL_FAST_MATH = YES;
				SDKROOT = iphoneos;
				SWIFT_COMPILATION_MODE = wholemodule;
				SWIFT_OPTIMIZATION_LEVEL = "-O";
				VALIDATE_PRODUCT = YES;
			};
			name = Release;
		};
		CA779A7B2871029A004067B4 /* Debug */ = {
			isa = XCBuildConfiguration;
			buildSettings = {
				ASSETCATALOG_COMPILER_APPICON_NAME = AppIcon;
				ASSETCATALOG_COMPILER_GLOBAL_ACCENT_COLOR_NAME = AccentColor;
				CODE_SIGN_STYLE = Automatic;
				CURRENT_PROJECT_VERSION = 1;
				DEVELOPMENT_TEAM = JJF74M9Z2N;
				GENERATE_INFOPLIST_FILE = YES;
				INFOPLIST_FILE = CatCatchCircle/Info.plist;
				INFOPLIST_KEY_UIApplicationSupportsIndirectInputEvents = YES;
				INFOPLIST_KEY_UILaunchStoryboardName = LaunchScreen;
				INFOPLIST_KEY_UIMainStoryboardFile = Main;
				INFOPLIST_KEY_UISupportedInterfaceOrientations_iPad = "UIInterfaceOrientationPortrait UIInterfaceOrientationPortraitUpsideDown UIInterfaceOrientationLandscapeLeft UIInterfaceOrientationLandscapeRight";
				INFOPLIST_KEY_UISupportedInterfaceOrientations_iPhone = "UIInterfaceOrientationPortrait UIInterfaceOrientationLandscapeLeft UIInterfaceOrientationLandscapeRight";
				LD_RUNPATH_SEARCH_PATHS = (
					"$(inherited)",
					"@executable_path/Frameworks",
				);
				MARKETING_VERSION = 1.0;
				PRODUCT_BUNDLE_IDENTIFIER = kossios.com.pl.CatCatchCircle;
				PRODUCT_NAME = "$(TARGET_NAME)";
				SWIFT_EMIT_LOC_STRINGS = YES;
				SWIFT_VERSION = 5.0;
				TARGETED_DEVICE_FAMILY = "1,2";
			};
			name = Debug;
		};
		CA779A7C2871029A004067B4 /* Release */ = {
			isa = XCBuildConfiguration;
			buildSettings = {
				ASSETCATALOG_COMPILER_APPICON_NAME = AppIcon;
				ASSETCATALOG_COMPILER_GLOBAL_ACCENT_COLOR_NAME = AccentColor;
				CODE_SIGN_STYLE = Automatic;
				CURRENT_PROJECT_VERSION = 1;
				DEVELOPMENT_TEAM = JJF74M9Z2N;
				GENERATE_INFOPLIST_FILE = YES;
				INFOPLIST_FILE = CatCatchCircle/Info.plist;
				INFOPLIST_KEY_UIApplicationSupportsIndirectInputEvents = YES;
				INFOPLIST_KEY_UILaunchStoryboardName = LaunchScreen;
				INFOPLIST_KEY_UIMainStoryboardFile = Main;
				INFOPLIST_KEY_UISupportedInterfaceOrientations_iPad = "UIInterfaceOrientationPortrait UIInterfaceOrientationPortraitUpsideDown UIInterfaceOrientationLandscapeLeft UIInterfaceOrientationLandscapeRight";
				INFOPLIST_KEY_UISupportedInterfaceOrientations_iPhone = "UIInterfaceOrientationPortrait UIInterfaceOrientationLandscapeLeft UIInterfaceOrientationLandscapeRight";
				LD_RUNPATH_SEARCH_PATHS = (
					"$(inherited)",
					"@executable_path/Frameworks",
				);
				MARKETING_VERSION = 1.0;
				PRODUCT_BUNDLE_IDENTIFIER = kossios.com.pl.CatCatchCircle;
				PRODUCT_NAME = "$(TARGET_NAME)";
				SWIFT_EMIT_LOC_STRINGS = YES;
				SWIFT_VERSION = 5.0;
				TARGETED_DEVICE_FAMILY = "1,2";
			};
			name = Release;
		};
		CA779A7E2871029A004067B4 /* Debug */ = {
			isa = XCBuildConfiguration;
			buildSettings = {
				ALWAYS_EMBED_SWIFT_STANDARD_LIBRARIES = YES;
				BUNDLE_LOADER = "$(TEST_HOST)";
				CODE_SIGN_STYLE = Automatic;
				CURRENT_PROJECT_VERSION = 1;
				DEVELOPMENT_TEAM = JJF74M9Z2N;
				GENERATE_INFOPLIST_FILE = YES;
				IPHONEOS_DEPLOYMENT_TARGET = 15.5;
				MARKETING_VERSION = 1.0;
				PRODUCT_BUNDLE_IDENTIFIER = kossios.com.pl.CatCatchCircleTests;
				PRODUCT_NAME = "$(TARGET_NAME)";
				SWIFT_EMIT_LOC_STRINGS = NO;
				SWIFT_VERSION = 5.0;
				TARGETED_DEVICE_FAMILY = "1,2";
				TEST_HOST = "$(BUILT_PRODUCTS_DIR)/CatCatchCircle.app/CatCatchCircle";
			};
			name = Debug;
		};
		CA779A7F2871029A004067B4 /* Release */ = {
			isa = XCBuildConfiguration;
			buildSettings = {
				ALWAYS_EMBED_SWIFT_STANDARD_LIBRARIES = YES;
				BUNDLE_LOADER = "$(TEST_HOST)";
				CODE_SIGN_STYLE = Automatic;
				CURRENT_PROJECT_VERSION = 1;
				DEVELOPMENT_TEAM = JJF74M9Z2N;
				GENERATE_INFOPLIST_FILE = YES;
				IPHONEOS_DEPLOYMENT_TARGET = 15.5;
				MARKETING_VERSION = 1.0;
				PRODUCT_BUNDLE_IDENTIFIER = kossios.com.pl.CatCatchCircleTests;
				PRODUCT_NAME = "$(TARGET_NAME)";
				SWIFT_EMIT_LOC_STRINGS = NO;
				SWIFT_VERSION = 5.0;
				TARGETED_DEVICE_FAMILY = "1,2";
				TEST_HOST = "$(BUILT_PRODUCTS_DIR)/CatCatchCircle.app/CatCatchCircle";
			};
			name = Release;
		};
		CA779A812871029A004067B4 /* Debug */ = {
			isa = XCBuildConfiguration;
			buildSettings = {
				ALWAYS_EMBED_SWIFT_STANDARD_LIBRARIES = YES;
				CODE_SIGN_STYLE = Automatic;
				CURRENT_PROJECT_VERSION = 1;
				DEVELOPMENT_TEAM = JJF74M9Z2N;
				GENERATE_INFOPLIST_FILE = YES;
				MARKETING_VERSION = 1.0;
				PRODUCT_BUNDLE_IDENTIFIER = kossios.com.pl.CatCatchCircleUITests;
				PRODUCT_NAME = "$(TARGET_NAME)";
				SWIFT_EMIT_LOC_STRINGS = NO;
				SWIFT_VERSION = 5.0;
				TARGETED_DEVICE_FAMILY = "1,2";
				TEST_TARGET_NAME = CatCatchCircle;
			};
			name = Debug;
		};
		CA779A822871029A004067B4 /* Release */ = {
			isa = XCBuildConfiguration;
			buildSettings = {
				ALWAYS_EMBED_SWIFT_STANDARD_LIBRARIES = YES;
				CODE_SIGN_STYLE = Automatic;
				CURRENT_PROJECT_VERSION = 1;
				DEVELOPMENT_TEAM = JJF74M9Z2N;
				GENERATE_INFOPLIST_FILE = YES;
				MARKETING_VERSION = 1.0;
				PRODUCT_BUNDLE_IDENTIFIER = kossios.com.pl.CatCatchCircleUITests;
				PRODUCT_NAME = "$(TARGET_NAME)";
				SWIFT_EMIT_LOC_STRINGS = NO;
				SWIFT_VERSION = 5.0;
				TARGETED_DEVICE_FAMILY = "1,2";
				TEST_TARGET_NAME = CatCatchCircle;
			};
			name = Release;
		};
/* End XCBuildConfiguration section */

/* Begin XCConfigurationList section */
		CA779A4B28710299004067B4 /* Build configuration list for PBXProject "CatCatchCircle" */ = {
			isa = XCConfigurationList;
			buildConfigurations = (
				CA779A782871029A004067B4 /* Debug */,
				CA779A792871029A004067B4 /* Release */,
			);
			defaultConfigurationIsVisible = 0;
			defaultConfigurationName = Release;
		};
		CA779A7A2871029A004067B4 /* Build configuration list for PBXNativeTarget "CatCatchCircle" */ = {
			isa = XCConfigurationList;
			buildConfigurations = (
				CA779A7B2871029A004067B4 /* Debug */,
				CA779A7C2871029A004067B4 /* Release */,
			);
			defaultConfigurationIsVisible = 0;
			defaultConfigurationName = Release;
		};
		CA779A7D2871029A004067B4 /* Build configuration list for PBXNativeTarget "CatCatchCircleTests" */ = {
			isa = XCConfigurationList;
			buildConfigurations = (
				CA779A7E2871029A004067B4 /* Debug */,
				CA779A7F2871029A004067B4 /* Release */,
			);
			defaultConfigurationIsVisible = 0;
			defaultConfigurationName = Release;
		};
		CA779A802871029A004067B4 /* Build configuration list for PBXNativeTarget "CatCatchCircleUITests" */ = {
			isa = XCConfigurationList;
			buildConfigurations = (
				CA779A812871029A004067B4 /* Debug */,
				CA779A822871029A004067B4 /* Release */,
			);
			defaultConfigurationIsVisible = 0;
			defaultConfigurationName = Release;
		};
/* End XCConfigurationList section */
	};
	rootObject = CA779A4828710299004067B4 /* Project object */;
}
